
Microsoft Visual Studio Solution File, Format Version 12.00
# Visual Studio Version 17
VisualStudioVersion = 17.13.35931.197
MinimumVisualStudioVersion = 10.0.40219.1
Project("{FAE04EC0-301F-11D3-BF4B-00C04F79EFBC}") = "CashFlowDailyBalance", "CashFlowDailyBalance\CashFlowDailyBalance.csproj", "{B45C6C22-C6CD-454E-843C-47EA0ABBCC64}"
EndProject
Project("{FAE04EC0-301F-11D3-BF4B-00C04F79EFBC}") = "CashFlowTransactions.API", "CashFlowTransactions.API\CashFlowTransactions.API.csproj", "{47FF4228-0DB3-4C34-93BB-462E7C99C26B}"
EndProject
Global
	GlobalSection(SolutionConfigurationPlatforms) = preSolution
		Debug|Any CPU = Debug|Any CPU
		Debug|x64 = Debug|x64
		Debug|x86 = Debug|x86
		Release|Any CPU = Release|Any CPU
		Release|x64 = Release|x64
		Release|x86 = Release|x86
	EndGlobalSection
	GlobalSection(ProjectConfigurationPlatforms) = postSolution
		{B45C6C22-C6CD-454E-843C-47EA0ABBCC64}.Debug|Any CPU.ActiveCfg = Debug|Any CPU
		{B45C6C22-C6CD-454E-843C-47EA0ABBCC64}.Debug|Any CPU.Build.0 = Debug|Any CPU
		{B45C6C22-C6CD-454E-843C-47EA0ABBCC64}.Debug|x64.ActiveCfg = Debug|Any CPU
		{B45C6C22-C6CD-454E-843C-47EA0ABBCC64}.Debug|x64.Build.0 = Debug|Any CPU
		{B45C6C22-C6CD-454E-843C-47EA0ABBCC64}.Debug|x86.ActiveCfg = Debug|Any CPU
		{B45C6C22-C6CD-454E-843C-47EA0ABBCC64}.Debug|x86.Build.0 = Debug|Any CPU
		{B45C6C22-C6CD-454E-843C-47EA0ABBCC64}.Release|Any CPU.ActiveCfg = Release|Any CPU
		{B45C6C22-C6CD-454E-843C-47EA0ABBCC64}.Release|Any CPU.Build.0 = Release|Any CPU
		{B45C6C22-C6CD-454E-843C-47EA0ABBCC64}.Release|x64.ActiveCfg = Release|Any CPU
		{B45C6C22-C6CD-454E-843C-47EA0ABBCC64}.Release|x64.Build.0 = Release|Any CPU
		{B45C6C22-C6CD-454E-843C-47EA0ABBCC64}.Release|x86.ActiveCfg = Release|Any CPU
		{B45C6C22-C6CD-454E-843C-47EA0ABBCC64}.Release|x86.Build.0 = Release|Any CPU
		{47FF4228-0DB3-4C34-93BB-462E7C99C26B}.Debug|Any CPU.ActiveCfg = Debug|Any CPU
		{47FF4228-0DB3-4C34-93BB-462E7C99C26B}.Debug|Any CPU.Build.0 = Debug|Any CPU
		{47FF4228-0DB3-4C34-93BB-462E7C99C26B}.Debug|x64.ActiveCfg = Debug|Any CPU
		{47FF4228-0DB3-4C34-93BB-462E7C99C26B}.Debug|x64.Build.0 = Debug|Any CPU
		{47FF4228-0DB3-4C34-93BB-462E7C99C26B}.Debug|x86.ActiveCfg = Debug|Any CPU
		{47FF4228-0DB3-4C34-93BB-462E7C99C26B}.Debug|x86.Build.0 = Debug|Any CPU
		{47FF4228-0DB3-4C34-93BB-462E7C99C26B}.Release|Any CPU.ActiveCfg = Release|Any CPU
		{47FF4228-0DB3-4C34-93BB-462E7C99C26B}.Release|Any CPU.Build.0 = Release|Any CPU
		{47FF4228-0DB3-4C34-93BB-462E7C99C26B}.Release|x64.ActiveCfg = Release|Any CPU
		{47FF4228-0DB3-4C34-93BB-462E7C99C26B}.Release|x64.Build.0 = Release|Any CPU
		{47FF4228-0DB3-4C34-93BB-462E7C99C26B}.Release|x86.ActiveCfg = Release|Any CPU
		{47FF4228-0DB3-4C34-93BB-462E7C99C26B}.Release|x86.Build.0 = Release|Any CPU
	EndGlobalSection
	GlobalSection(SolutionProperties) = preSolution
		HideSolutionNode = FALSE
	EndGlobalSection
	GlobalSection(ExtensibilityGlobals) = postSolution
		SolutionGuid = {1E30DFB8-5EFB-4E72-806A-55FA4EE7A3C1}
	EndGlobalSection
EndGlobal
